
Microsoft Visual Studio Solution File, Format Version 12.00
# Visual Studio Version 17
VisualStudioVersion = 17.2.32616.157
MinimumVisualStudioVersion = 10.0.40219.1
Project("{9A19103F-16F7-4668-BE54-9A1E7A4F7556}") = "Icarus", "Icarus.csproj", "{66389DAC-0D3C-4271-BBAE-AF27FCFD28B7}"
EndProject
Global
	GlobalSection(SolutionConfigurationPlatforms) = preSolution
		Debug|Any CPU = Debug|Any CPU
		Release|Any CPU = Release|Any CPU
	EndGlobalSection
	GlobalSection(ProjectConfigurationPlatforms) = postSolution
		{66389DAC-0D3C-4271-BBAE-AF27FCFD28B7}.Debug|Any CPU.ActiveCfg = Debug|Any CPU
		{66389DAC-0D3C-4271-BBAE-AF27FCFD28B7}.Debug|Any CPU.Build.0 = Debug|Any CPU
		{66389DAC-0D3C-4271-BBAE-AF27FCFD28B7}.Release|Any CPU.ActiveCfg = Release|Any CPU
		{66389DAC-0D3C-4271-BBAE-AF27FCFD28B7}.Release|Any CPU.Build.0 = Release|Any CPU
	EndGlobalSection
	GlobalSection(SolutionProperties) = preSolution
		HideSolutionNode = FALSE
	EndGlobalSection
	GlobalSection(ExtensibilityGlobals) = postSolution
		SolutionGuid = {0BE61157-7A0C-41CF-B097-71178A3F6755}
	EndGlobalSection
EndGlobal
